
Microsoft Visual Studio Solution File, Format Version 12.00
# Visual Studio Version 16
VisualStudioVersion = 16.0.30804.86
MinimumVisualStudioVersion = 10.0.40219.1
Project("{2150E333-8FDC-42A3-9474-1A3956D46DE8}") = "TestPro", "TestPro", "{C870B693-1390-4442-A5DF-F69321C20358}"
EndProject
Project("{9A19103F-16F7-4668-BE54-9A1E7A4F7556}") = "WADemo", "WADemo\WADemo.csproj", "{AD4C3583-9193-4CA0-989B-0379E3B5E8EA}"
EndProject
Project("{9A19103F-16F7-4668-BE54-9A1E7A4F7556}") = "WADemoTest", "WADemoTest\WADemoTest.csproj", "{C953FE00-EA32-4426-BDC3-8B7B1DA1F43D}"
EndProject
Project("{2150E333-8FDC-42A3-9474-1A3956D46DE8}") = "TaskPro", "TaskPro", "{4B8064DE-7CBA-42D5-B2B4-5F97625BA4C9}"
EndProject
Project("{9A19103F-16F7-4668-BE54-9A1E7A4F7556}") = "LazyDemo", "LazyDemo\LazyDemo.csproj", "{31DA466C-A3D8-4851-BD5E-0AD374BB4B3A}"
EndProject
Project("{9A19103F-16F7-4668-BE54-9A1E7A4F7556}") = "ObservableDemo", "ObservableDemo\ObservableDemo.csproj", "{453A4E33-E77E-4AF4-84D1-BC553B4FC50A}"
EndProject
Project("{9A19103F-16F7-4668-BE54-9A1E7A4F7556}") = "WhenWaitDemo", "WhenWaitDemo\WhenWaitDemo.csproj", "{1642905D-6150-4088-9DFC-ADAEF5AAF542}"
EndProject
Project("{9A19103F-16F7-4668-BE54-9A1E7A4F7556}") = "ProgressDemo", "ProgressDemo\ProgressDemo.csproj", "{212E193D-C24F-4EF9-8A6B-B076A4F3A728}"
EndProject
Project("{9A19103F-16F7-4668-BE54-9A1E7A4F7556}") = "StreamAsync", "StreamAsync\StreamAsync.csproj", "{8DDE8632-CF35-4C32-8AC5-9A3772793BEC}"
EndProject
Project("{9A19103F-16F7-4668-BE54-9A1E7A4F7556}") = "Unit3", "Unit3\Unit3.csproj", "{82102521-9FC1-4CCE-B3DD-AF62E47CC7CA}"
EndProject
Project("{9A19103F-16F7-4668-BE54-9A1E7A4F7556}") = "Unit5", "Unit5\Unit5.csproj", "{304CECB5-FAE7-43A6-B25E-1198AEE5DA46}"
EndProject
Project("{9A19103F-16F7-4668-BE54-9A1E7A4F7556}") = "Unit6", "Unit6\Unit6.csproj", "{CA150EAF-7978-41AE-9EF8-3F6A117CB5B7}"
EndProject
Project("{2150E333-8FDC-42A3-9474-1A3956D46DE8}") = "AnalyzerPro", "AnalyzerPro", "{27749DEE-6CDC-4636-AAFA-4AE559D9A5F1}"
EndProject
Project("{2150E333-8FDC-42A3-9474-1A3956D46DE8}") = "MediatRPro", "MediatRPro", "{EB980E50-0BA6-46FB-AAEB-D93D60D41FCF}"
EndProject
Project("{9A19103F-16F7-4668-BE54-9A1E7A4F7556}") = "HouseMediatRManage", "HouseMediatRManage\HouseMediatRManage.csproj", "{3CB4BCDD-8896-4873-8320-048A720F1A07}"
EndProject
Project("{2150E333-8FDC-42A3-9474-1A3956D46DE8}") = "CastleCorePro", "CastleCorePro", "{20929FA2-17EA-446F-B9FA-EA89F9564A73}"
EndProject
Project("{2150E333-8FDC-42A3-9474-1A3956D46DE8}") = "SignaRPro", "SignaRPro", "{4B7BD97E-D97B-4565-AD2E-1EF22CA9DFC0}"
EndProject
Project("{2150E333-8FDC-42A3-9474-1A3956D46DE8}") = "OcelotPro", "OcelotPro", "{7E64F9DB-DFAC-414D-9C00-EC87C025DBBB}"
EndProject
Project("{2150E333-8FDC-42A3-9474-1A3956D46DE8}") = "ConsulPro", "ConsulPro", "{13EB184F-A0BB-4047-BD43-55AF6CE09B63}"
EndProject
Project("{9A19103F-16F7-4668-BE54-9A1E7A4F7556}") = "ConsulRequest", "ConsulRequest\ConsulRequest.csproj", "{9F069198-5A57-4F79-A7B8-840B2B2F82D2}"
EndProject
Project("{9A19103F-16F7-4668-BE54-9A1E7A4F7556}") = "OrderApi", "OrderApi\OrderApi.csproj", "{03595DEA-D3DB-4C87-A05D-79AA49A6CF61}"
EndProject
Project("{9A19103F-16F7-4668-BE54-9A1E7A4F7556}") = "ApiGateways", "ApiGateways\ApiGateways.csproj", "{3A245EBD-268E-41E9-AD8B-96BC69E2BE46}"
EndProject
Project("{9A19103F-16F7-4668-BE54-9A1E7A4F7556}") = "ApiExample1", "ApiExample1\ApiExample1.csproj", "{A5BC82A2-1DC7-48FE-A076-873DFA299ECC}"
EndProject
Project("{9A19103F-16F7-4668-BE54-9A1E7A4F7556}") = "ApiExample2", "ApiExample2\ApiExample2.csproj", "{E106B268-D4CE-4842-BF24-6A512EF3839B}"
EndProject
Project("{2150E333-8FDC-42A3-9474-1A3956D46DE8}") = "SwaggerPro", "SwaggerPro", "{65911E55-0E2C-4982-8DDE-25B4B1FEE459}"
EndProject
Project("{9A19103F-16F7-4668-BE54-9A1E7A4F7556}") = "SwaggerDemoPro", "SwaggerDemoPro\SwaggerDemoPro.csproj", "{65518C95-77B9-40F2-B839-6626C8D0A2F3}"
EndProject
Project("{2150E333-8FDC-42A3-9474-1A3956D46DE8}") = "MongoPro", "MongoPro", "{62B4FAA2-F069-4073-934A-667BFD8A73CE}"
EndProject
Project("{2150E333-8FDC-42A3-9474-1A3956D46DE8}") = "HangfirePro", "HangfirePro", "{9F05D0AD-1AE9-40A2-8FF4-C71AFA7EA013}"
EndProject
Project("{2150E333-8FDC-42A3-9474-1A3956D46DE8}") = "RabbitmqPro", "RabbitmqPro", "{4D797AE4-C464-4D44-9ECE-C6D418167D10}"
EndProject
Project("{9A19103F-16F7-4668-BE54-9A1E7A4F7556}") = "MQSend", "MQSend\MQSend.csproj", "{4CB41FD5-3A12-43D0-B7DC-F9F3275DDAA4}"
EndProject
Project("{9A19103F-16F7-4668-BE54-9A1E7A4F7556}") = "MqRevceived", "MqRevceived\MqRevceived.csproj", "{1D571BE5-9241-4165-9766-F2C2FD5A5696}"
EndProject
Project("{2150E333-8FDC-42A3-9474-1A3956D46DE8}") = "AutofacPro", "AutofacPro", "{83C4A806-1EAC-4A2E-A7A3-DD907477631E}"
EndProject
Project("{9A19103F-16F7-4668-BE54-9A1E7A4F7556}") = "WebAutofacPro", "WebAutofacPro\WebAutofacPro.csproj", "{DDF551B8-07E8-4216-A29D-6E2AFE8FD8FE}"
EndProject
Project("{9A19103F-16F7-4668-BE54-9A1E7A4F7556}") = "WebHangfirePro", "WebHangfirePro\WebHangfirePro.csproj", "{3DE0D2F7-9E61-4FB2-871E-643ED959F3DC}"
EndProject
Project("{2150E333-8FDC-42A3-9474-1A3956D46DE8}") = "PollyPro", "PollyPro", "{DA7E5D0D-8A69-452D-8051-51B707CF0E53}"
EndProject
Project("{9A19103F-16F7-4668-BE54-9A1E7A4F7556}") = "PollyPro1", "PollyPro1\PollyPro1.csproj", "{77BF355F-5C1B-4AE8-9BE5-9EFD89A82F67}"
EndProject
Project("{2150E333-8FDC-42A3-9474-1A3956D46DE8}") = "ExporeesionPro", "ExporeesionPro", "{D7600420-60F9-4E72-9407-2703F7C20297}"
EndProject
Project("{FAE04EC0-301F-11D3-BF4B-00C04F79EFBC}") = "ExpressionConsol", "ExpressionConsol\ExpressionConsol.csproj", "{8628065B-F3D3-4B75-8690-4834EC3F46CC}"
EndProject
Global
	GlobalSection(SolutionConfigurationPlatforms) = preSolution
		Debug|Any CPU = Debug|Any CPU
		Release|Any CPU = Release|Any CPU
	EndGlobalSection
	GlobalSection(ProjectConfigurationPlatforms) = postSolution
		{AD4C3583-9193-4CA0-989B-0379E3B5E8EA}.Debug|Any CPU.ActiveCfg = Debug|Any CPU
		{AD4C3583-9193-4CA0-989B-0379E3B5E8EA}.Debug|Any CPU.Build.0 = Debug|Any CPU
		{AD4C3583-9193-4CA0-989B-0379E3B5E8EA}.Release|Any CPU.ActiveCfg = Release|Any CPU
		{AD4C3583-9193-4CA0-989B-0379E3B5E8EA}.Release|Any CPU.Build.0 = Release|Any CPU
		{C953FE00-EA32-4426-BDC3-8B7B1DA1F43D}.Debug|Any CPU.ActiveCfg = Debug|Any CPU
		{C953FE00-EA32-4426-BDC3-8B7B1DA1F43D}.Debug|Any CPU.Build.0 = Debug|Any CPU
		{C953FE00-EA32-4426-BDC3-8B7B1DA1F43D}.Release|Any CPU.ActiveCfg = Release|Any CPU
		{C953FE00-EA32-4426-BDC3-8B7B1DA1F43D}.Release|Any CPU.Build.0 = Release|Any CPU
		{31DA466C-A3D8-4851-BD5E-0AD374BB4B3A}.Debug|Any CPU.ActiveCfg = Debug|Any CPU
		{31DA466C-A3D8-4851-BD5E-0AD374BB4B3A}.Debug|Any CPU.Build.0 = Debug|Any CPU
		{31DA466C-A3D8-4851-BD5E-0AD374BB4B3A}.Release|Any CPU.ActiveCfg = Release|Any CPU
		{31DA466C-A3D8-4851-BD5E-0AD374BB4B3A}.Release|Any CPU.Build.0 = Release|Any CPU
		{453A4E33-E77E-4AF4-84D1-BC553B4FC50A}.Debug|Any CPU.ActiveCfg = Debug|Any CPU
		{453A4E33-E77E-4AF4-84D1-BC553B4FC50A}.Debug|Any CPU.Build.0 = Debug|Any CPU
		{453A4E33-E77E-4AF4-84D1-BC553B4FC50A}.Release|Any CPU.ActiveCfg = Release|Any CPU
		{453A4E33-E77E-4AF4-84D1-BC553B4FC50A}.Release|Any CPU.Build.0 = Release|Any CPU
		{1642905D-6150-4088-9DFC-ADAEF5AAF542}.Debug|Any CPU.ActiveCfg = Debug|Any CPU
		{1642905D-6150-4088-9DFC-ADAEF5AAF542}.Debug|Any CPU.Build.0 = Debug|Any CPU
		{1642905D-6150-4088-9DFC-ADAEF5AAF542}.Release|Any CPU.ActiveCfg = Release|Any CPU
		{1642905D-6150-4088-9DFC-ADAEF5AAF542}.Release|Any CPU.Build.0 = Release|Any CPU
		{212E193D-C24F-4EF9-8A6B-B076A4F3A728}.Debug|Any CPU.ActiveCfg = Debug|Any CPU
		{212E193D-C24F-4EF9-8A6B-B076A4F3A728}.Debug|Any CPU.Build.0 = Debug|Any CPU
		{212E193D-C24F-4EF9-8A6B-B076A4F3A728}.Release|Any CPU.ActiveCfg = Release|Any CPU
		{212E193D-C24F-4EF9-8A6B-B076A4F3A728}.Release|Any CPU.Build.0 = Release|Any CPU
		{8DDE8632-CF35-4C32-8AC5-9A3772793BEC}.Debug|Any CPU.ActiveCfg = Debug|Any CPU
		{8DDE8632-CF35-4C32-8AC5-9A3772793BEC}.Debug|Any CPU.Build.0 = Debug|Any CPU
		{8DDE8632-CF35-4C32-8AC5-9A3772793BEC}.Release|Any CPU.ActiveCfg = Release|Any CPU
		{8DDE8632-CF35-4C32-8AC5-9A3772793BEC}.Release|Any CPU.Build.0 = Release|Any CPU
		{82102521-9FC1-4CCE-B3DD-AF62E47CC7CA}.Debug|Any CPU.ActiveCfg = Debug|Any CPU
		{82102521-9FC1-4CCE-B3DD-AF62E47CC7CA}.Debug|Any CPU.Build.0 = Debug|Any CPU
		{82102521-9FC1-4CCE-B3DD-AF62E47CC7CA}.Release|Any CPU.ActiveCfg = Release|Any CPU
		{82102521-9FC1-4CCE-B3DD-AF62E47CC7CA}.Release|Any CPU.Build.0 = Release|Any CPU
		{304CECB5-FAE7-43A6-B25E-1198AEE5DA46}.Debug|Any CPU.ActiveCfg = Debug|Any CPU
		{304CECB5-FAE7-43A6-B25E-1198AEE5DA46}.Debug|Any CPU.Build.0 = Debug|Any CPU
		{304CECB5-FAE7-43A6-B25E-1198AEE5DA46}.Release|Any CPU.ActiveCfg = Release|Any CPU
		{304CECB5-FAE7-43A6-B25E-1198AEE5DA46}.Release|Any CPU.Build.0 = Release|Any CPU
		{CA150EAF-7978-41AE-9EF8-3F6A117CB5B7}.Debug|Any CPU.ActiveCfg = Debug|Any CPU
		{CA150EAF-7978-41AE-9EF8-3F6A117CB5B7}.Debug|Any CPU.Build.0 = Debug|Any CPU
		{CA150EAF-7978-41AE-9EF8-3F6A117CB5B7}.Release|Any CPU.ActiveCfg = Release|Any CPU
		{CA150EAF-7978-41AE-9EF8-3F6A117CB5B7}.Release|Any CPU.Build.0 = Release|Any CPU
		{3CB4BCDD-8896-4873-8320-048A720F1A07}.Debug|Any CPU.ActiveCfg = Debug|Any CPU
		{3CB4BCDD-8896-4873-8320-048A720F1A07}.Debug|Any CPU.Build.0 = Debug|Any CPU
		{3CB4BCDD-8896-4873-8320-048A720F1A07}.Release|Any CPU.ActiveCfg = Release|Any CPU
		{3CB4BCDD-8896-4873-8320-048A720F1A07}.Release|Any CPU.Build.0 = Release|Any CPU
		{9F069198-5A57-4F79-A7B8-840B2B2F82D2}.Debug|Any CPU.ActiveCfg = Debug|Any CPU
		{9F069198-5A57-4F79-A7B8-840B2B2F82D2}.Debug|Any CPU.Build.0 = Debug|Any CPU
		{9F069198-5A57-4F79-A7B8-840B2B2F82D2}.Release|Any CPU.ActiveCfg = Release|Any CPU
		{9F069198-5A57-4F79-A7B8-840B2B2F82D2}.Release|Any CPU.Build.0 = Release|Any CPU
		{03595DEA-D3DB-4C87-A05D-79AA49A6CF61}.Debug|Any CPU.ActiveCfg = Debug|Any CPU
		{03595DEA-D3DB-4C87-A05D-79AA49A6CF61}.Debug|Any CPU.Build.0 = Debug|Any CPU
		{03595DEA-D3DB-4C87-A05D-79AA49A6CF61}.Release|Any CPU.ActiveCfg = Release|Any CPU
		{03595DEA-D3DB-4C87-A05D-79AA49A6CF61}.Release|Any CPU.Build.0 = Release|Any CPU
		{3A245EBD-268E-41E9-AD8B-96BC69E2BE46}.Debug|Any CPU.ActiveCfg = Debug|Any CPU
		{3A245EBD-268E-41E9-AD8B-96BC69E2BE46}.Debug|Any CPU.Build.0 = Debug|Any CPU
		{3A245EBD-268E-41E9-AD8B-96BC69E2BE46}.Release|Any CPU.ActiveCfg = Release|Any CPU
		{3A245EBD-268E-41E9-AD8B-96BC69E2BE46}.Release|Any CPU.Build.0 = Release|Any CPU
		{A5BC82A2-1DC7-48FE-A076-873DFA299ECC}.Debug|Any CPU.ActiveCfg = Debug|Any CPU
		{A5BC82A2-1DC7-48FE-A076-873DFA299ECC}.Debug|Any CPU.Build.0 = Debug|Any CPU
		{A5BC82A2-1DC7-48FE-A076-873DFA299ECC}.Release|Any CPU.ActiveCfg = Release|Any CPU
		{A5BC82A2-1DC7-48FE-A076-873DFA299ECC}.Release|Any CPU.Build.0 = Release|Any CPU
		{E106B268-D4CE-4842-BF24-6A512EF3839B}.Debug|Any CPU.ActiveCfg = Debug|Any CPU
		{E106B268-D4CE-4842-BF24-6A512EF3839B}.Debug|Any CPU.Build.0 = Debug|Any CPU
		{E106B268-D4CE-4842-BF24-6A512EF3839B}.Release|Any CPU.ActiveCfg = Release|Any CPU
		{E106B268-D4CE-4842-BF24-6A512EF3839B}.Release|Any CPU.Build.0 = Release|Any CPU
		{65518C95-77B9-40F2-B839-6626C8D0A2F3}.Debug|Any CPU.ActiveCfg = Debug|Any CPU
		{65518C95-77B9-40F2-B839-6626C8D0A2F3}.Debug|Any CPU.Build.0 = Debug|Any CPU
		{65518C95-77B9-40F2-B839-6626C8D0A2F3}.Release|Any CPU.ActiveCfg = Release|Any CPU
		{65518C95-77B9-40F2-B839-6626C8D0A2F3}.Release|Any CPU.Build.0 = Release|Any CPU
		{4CB41FD5-3A12-43D0-B7DC-F9F3275DDAA4}.Debug|Any CPU.ActiveCfg = Debug|Any CPU
		{4CB41FD5-3A12-43D0-B7DC-F9F3275DDAA4}.Debug|Any CPU.Build.0 = Debug|Any CPU
		{4CB41FD5-3A12-43D0-B7DC-F9F3275DDAA4}.Release|Any CPU.ActiveCfg = Release|Any CPU
		{4CB41FD5-3A12-43D0-B7DC-F9F3275DDAA4}.Release|Any CPU.Build.0 = Release|Any CPU
		{1D571BE5-9241-4165-9766-F2C2FD5A5696}.Debug|Any CPU.ActiveCfg = Debug|Any CPU
		{1D571BE5-9241-4165-9766-F2C2FD5A5696}.Debug|Any CPU.Build.0 = Debug|Any CPU
		{1D571BE5-9241-4165-9766-F2C2FD5A5696}.Release|Any CPU.ActiveCfg = Release|Any CPU
		{1D571BE5-9241-4165-9766-F2C2FD5A5696}.Release|Any CPU.Build.0 = Release|Any CPU
		{DDF551B8-07E8-4216-A29D-6E2AFE8FD8FE}.Debug|Any CPU.ActiveCfg = Debug|Any CPU
		{DDF551B8-07E8-4216-A29D-6E2AFE8FD8FE}.Debug|Any CPU.Build.0 = Debug|Any CPU
		{DDF551B8-07E8-4216-A29D-6E2AFE8FD8FE}.Release|Any CPU.ActiveCfg = Release|Any CPU
		{DDF551B8-07E8-4216-A29D-6E2AFE8FD8FE}.Release|Any CPU.Build.0 = Release|Any CPU
		{3DE0D2F7-9E61-4FB2-871E-643ED959F3DC}.Debug|Any CPU.ActiveCfg = Debug|Any CPU
		{3DE0D2F7-9E61-4FB2-871E-643ED959F3DC}.Debug|Any CPU.Build.0 = Debug|Any CPU
		{3DE0D2F7-9E61-4FB2-871E-643ED959F3DC}.Release|Any CPU.ActiveCfg = Release|Any CPU
		{3DE0D2F7-9E61-4FB2-871E-643ED959F3DC}.Release|Any CPU.Build.0 = Release|Any CPU
		{77BF355F-5C1B-4AE8-9BE5-9EFD89A82F67}.Debug|Any CPU.ActiveCfg = Debug|Any CPU
		{77BF355F-5C1B-4AE8-9BE5-9EFD89A82F67}.Debug|Any CPU.Build.0 = Debug|Any CPU
		{77BF355F-5C1B-4AE8-9BE5-9EFD89A82F67}.Release|Any CPU.ActiveCfg = Release|Any CPU
		{77BF355F-5C1B-4AE8-9BE5-9EFD89A82F67}.Release|Any CPU.Build.0 = Release|Any CPU
		{8628065B-F3D3-4B75-8690-4834EC3F46CC}.Debug|Any CPU.ActiveCfg = Debug|Any CPU
		{8628065B-F3D3-4B75-8690-4834EC3F46CC}.Debug|Any CPU.Build.0 = Debug|Any CPU
		{8628065B-F3D3-4B75-8690-4834EC3F46CC}.Release|Any CPU.ActiveCfg = Release|Any CPU
		{8628065B-F3D3-4B75-8690-4834EC3F46CC}.Release|Any CPU.Build.0 = Release|Any CPU
	EndGlobalSection
	GlobalSection(SolutionProperties) = preSolution
		HideSolutionNode = FALSE
	EndGlobalSection
	GlobalSection(NestedProjects) = preSolution
		{AD4C3583-9193-4CA0-989B-0379E3B5E8EA} = {C870B693-1390-4442-A5DF-F69321C20358}
		{C953FE00-EA32-4426-BDC3-8B7B1DA1F43D} = {C870B693-1390-4442-A5DF-F69321C20358}
		{31DA466C-A3D8-4851-BD5E-0AD374BB4B3A} = {4B8064DE-7CBA-42D5-B2B4-5F97625BA4C9}
		{453A4E33-E77E-4AF4-84D1-BC553B4FC50A} = {4B8064DE-7CBA-42D5-B2B4-5F97625BA4C9}
		{1642905D-6150-4088-9DFC-ADAEF5AAF542} = {4B8064DE-7CBA-42D5-B2B4-5F97625BA4C9}
		{212E193D-C24F-4EF9-8A6B-B076A4F3A728} = {4B8064DE-7CBA-42D5-B2B4-5F97625BA4C9}
		{8DDE8632-CF35-4C32-8AC5-9A3772793BEC} = {4B8064DE-7CBA-42D5-B2B4-5F97625BA4C9}
		{82102521-9FC1-4CCE-B3DD-AF62E47CC7CA} = {4B8064DE-7CBA-42D5-B2B4-5F97625BA4C9}
		{304CECB5-FAE7-43A6-B25E-1198AEE5DA46} = {4B8064DE-7CBA-42D5-B2B4-5F97625BA4C9}
		{CA150EAF-7978-41AE-9EF8-3F6A117CB5B7} = {4B8064DE-7CBA-42D5-B2B4-5F97625BA4C9}
		{3CB4BCDD-8896-4873-8320-048A720F1A07} = {EB980E50-0BA6-46FB-AAEB-D93D60D41FCF}
		{9F069198-5A57-4F79-A7B8-840B2B2F82D2} = {13EB184F-A0BB-4047-BD43-55AF6CE09B63}
		{03595DEA-D3DB-4C87-A05D-79AA49A6CF61} = {13EB184F-A0BB-4047-BD43-55AF6CE09B63}
		{3A245EBD-268E-41E9-AD8B-96BC69E2BE46} = {7E64F9DB-DFAC-414D-9C00-EC87C025DBBB}
		{A5BC82A2-1DC7-48FE-A076-873DFA299ECC} = {7E64F9DB-DFAC-414D-9C00-EC87C025DBBB}
		{E106B268-D4CE-4842-BF24-6A512EF3839B} = {7E64F9DB-DFAC-414D-9C00-EC87C025DBBB}
		{65518C95-77B9-40F2-B839-6626C8D0A2F3} = {65911E55-0E2C-4982-8DDE-25B4B1FEE459}
		{4CB41FD5-3A12-43D0-B7DC-F9F3275DDAA4} = {4D797AE4-C464-4D44-9ECE-C6D418167D10}
		{1D571BE5-9241-4165-9766-F2C2FD5A5696} = {4D797AE4-C464-4D44-9ECE-C6D418167D10}
		{DDF551B8-07E8-4216-A29D-6E2AFE8FD8FE} = {83C4A806-1EAC-4A2E-A7A3-DD907477631E}
		{3DE0D2F7-9E61-4FB2-871E-643ED959F3DC} = {9F05D0AD-1AE9-40A2-8FF4-C71AFA7EA013}
		{77BF355F-5C1B-4AE8-9BE5-9EFD89A82F67} = {DA7E5D0D-8A69-452D-8051-51B707CF0E53}
		{8628065B-F3D3-4B75-8690-4834EC3F46CC} = {D7600420-60F9-4E72-9407-2703F7C20297}
	EndGlobalSection
	GlobalSection(ExtensibilityGlobals) = postSolution
		SolutionGuid = {33FD44A7-4761-4829-868A-51F6D1B0006A}
	EndGlobalSection
EndGlobal
