
Microsoft Visual Studio Solution File, Format Version 12.00
# Visual Studio Version 16
VisualStudioVersion = 16.0.30804.86
MinimumVisualStudioVersion = 10.0.40219.1
Project("{2150E333-8FDC-42A3-9474-1A3956D46DE8}") = "TestPro", "TestPro", "{C870B693-1390-4442-A5DF-F69321C20358}"
EndProject
Project("{9A19103F-16F7-4668-BE54-9A1E7A4F7556}") = "WADemo", "WADemo\WADemo.csproj", "{AD4C3583-9193-4CA0-989B-0379E3B5E8EA}"
EndProject
Project("{9A19103F-16F7-4668-BE54-9A1E7A4F7556}") = "WADemoTest", "WADemoTest\WADemoTest.csproj", "{C953FE00-EA32-4426-BDC3-8B7B1DA1F43D}"
EndProject
Project("{2150E333-8FDC-42A3-9474-1A3956D46DE8}") = "TaskPro", "TaskPro", "{4B8064DE-7CBA-42D5-B2B4-5F97625BA4C9}"
EndProject
Project("{FAE04EC0-301F-11D3-BF4B-00C04F79EFBC}") = "LazyDemo", "LazyDemo\LazyDemo.csproj", "{31DA466C-A3D8-4851-BD5E-0AD374BB4B3A}"
EndProject
Project("{FAE04EC0-301F-11D3-BF4B-00C04F79EFBC}") = "ObservableDemo", "ObservableDemo\ObservableDemo.csproj", "{453A4E33-E77E-4AF4-84D1-BC553B4FC50A}"
EndProject
Project("{FAE04EC0-301F-11D3-BF4B-00C04F79EFBC}") = "WhenWaitDemo", "WhenWaitDemo\WhenWaitDemo.csproj", "{1642905D-6150-4088-9DFC-ADAEF5AAF542}"
EndProject
Project("{FAE04EC0-301F-11D3-BF4B-00C04F79EFBC}") = "ProgressDemo", "ProgressDemo\ProgressDemo.csproj", "{212E193D-C24F-4EF9-8A6B-B076A4F3A728}"
EndProject
Project("{FAE04EC0-301F-11D3-BF4B-00C04F79EFBC}") = "WindowsFormsApp1", "WindowsFormsApp1\WindowsFormsApp1.csproj", "{F8DE7C58-94ED-4325-BE22-BE151A15E3C2}"
EndProject
Project("{FAE04EC0-301F-11D3-BF4B-00C04F79EFBC}") = "WpfApp1", "WpfApp1\WpfApp1.csproj", "{D6F85927-8F78-4078-808F-47BC9C28EAC0}"
EndProject
Global
	GlobalSection(SolutionConfigurationPlatforms) = preSolution
		Debug|Any CPU = Debug|Any CPU
		Release|Any CPU = Release|Any CPU
	EndGlobalSection
	GlobalSection(ProjectConfigurationPlatforms) = postSolution
		{AD4C3583-9193-4CA0-989B-0379E3B5E8EA}.Debug|Any CPU.ActiveCfg = Debug|Any CPU
		{AD4C3583-9193-4CA0-989B-0379E3B5E8EA}.Debug|Any CPU.Build.0 = Debug|Any CPU
		{AD4C3583-9193-4CA0-989B-0379E3B5E8EA}.Release|Any CPU.ActiveCfg = Release|Any CPU
		{AD4C3583-9193-4CA0-989B-0379E3B5E8EA}.Release|Any CPU.Build.0 = Release|Any CPU
		{C953FE00-EA32-4426-BDC3-8B7B1DA1F43D}.Debug|Any CPU.ActiveCfg = Debug|Any CPU
		{C953FE00-EA32-4426-BDC3-8B7B1DA1F43D}.Debug|Any CPU.Build.0 = Debug|Any CPU
		{C953FE00-EA32-4426-BDC3-8B7B1DA1F43D}.Release|Any CPU.ActiveCfg = Release|Any CPU
		{C953FE00-EA32-4426-BDC3-8B7B1DA1F43D}.Release|Any CPU.Build.0 = Release|Any CPU
		{31DA466C-A3D8-4851-BD5E-0AD374BB4B3A}.Debug|Any CPU.ActiveCfg = Debug|Any CPU
		{31DA466C-A3D8-4851-BD5E-0AD374BB4B3A}.Debug|Any CPU.Build.0 = Debug|Any CPU
		{31DA466C-A3D8-4851-BD5E-0AD374BB4B3A}.Release|Any CPU.ActiveCfg = Release|Any CPU
		{31DA466C-A3D8-4851-BD5E-0AD374BB4B3A}.Release|Any CPU.Build.0 = Release|Any CPU
		{453A4E33-E77E-4AF4-84D1-BC553B4FC50A}.Debug|Any CPU.ActiveCfg = Debug|Any CPU
		{453A4E33-E77E-4AF4-84D1-BC553B4FC50A}.Debug|Any CPU.Build.0 = Debug|Any CPU
		{453A4E33-E77E-4AF4-84D1-BC553B4FC50A}.Release|Any CPU.ActiveCfg = Release|Any CPU
		{453A4E33-E77E-4AF4-84D1-BC553B4FC50A}.Release|Any CPU.Build.0 = Release|Any CPU
		{1642905D-6150-4088-9DFC-ADAEF5AAF542}.Debug|Any CPU.ActiveCfg = Debug|Any CPU
		{1642905D-6150-4088-9DFC-ADAEF5AAF542}.Debug|Any CPU.Build.0 = Debug|Any CPU
		{1642905D-6150-4088-9DFC-ADAEF5AAF542}.Release|Any CPU.ActiveCfg = Release|Any CPU
		{1642905D-6150-4088-9DFC-ADAEF5AAF542}.Release|Any CPU.Build.0 = Release|Any CPU
		{212E193D-C24F-4EF9-8A6B-B076A4F3A728}.Debug|Any CPU.ActiveCfg = Debug|Any CPU
		{212E193D-C24F-4EF9-8A6B-B076A4F3A728}.Debug|Any CPU.Build.0 = Debug|Any CPU
		{212E193D-C24F-4EF9-8A6B-B076A4F3A728}.Release|Any CPU.ActiveCfg = Release|Any CPU
		{212E193D-C24F-4EF9-8A6B-B076A4F3A728}.Release|Any CPU.Build.0 = Release|Any CPU
		{F8DE7C58-94ED-4325-BE22-BE151A15E3C2}.Debug|Any CPU.ActiveCfg = Debug|Any CPU
		{F8DE7C58-94ED-4325-BE22-BE151A15E3C2}.Debug|Any CPU.Build.0 = Debug|Any CPU
		{F8DE7C58-94ED-4325-BE22-BE151A15E3C2}.Release|Any CPU.ActiveCfg = Release|Any CPU
		{F8DE7C58-94ED-4325-BE22-BE151A15E3C2}.Release|Any CPU.Build.0 = Release|Any CPU
		{D6F85927-8F78-4078-808F-47BC9C28EAC0}.Debug|Any CPU.ActiveCfg = Debug|Any CPU
		{D6F85927-8F78-4078-808F-47BC9C28EAC0}.Debug|Any CPU.Build.0 = Debug|Any CPU
		{D6F85927-8F78-4078-808F-47BC9C28EAC0}.Release|Any CPU.ActiveCfg = Release|Any CPU
		{D6F85927-8F78-4078-808F-47BC9C28EAC0}.Release|Any CPU.Build.0 = Release|Any CPU
	EndGlobalSection
	GlobalSection(SolutionProperties) = preSolution
		HideSolutionNode = FALSE
	EndGlobalSection
	GlobalSection(NestedProjects) = preSolution
		{AD4C3583-9193-4CA0-989B-0379E3B5E8EA} = {C870B693-1390-4442-A5DF-F69321C20358}
		{C953FE00-EA32-4426-BDC3-8B7B1DA1F43D} = {C870B693-1390-4442-A5DF-F69321C20358}
		{31DA466C-A3D8-4851-BD5E-0AD374BB4B3A} = {4B8064DE-7CBA-42D5-B2B4-5F97625BA4C9}
		{453A4E33-E77E-4AF4-84D1-BC553B4FC50A} = {4B8064DE-7CBA-42D5-B2B4-5F97625BA4C9}
		{1642905D-6150-4088-9DFC-ADAEF5AAF542} = {4B8064DE-7CBA-42D5-B2B4-5F97625BA4C9}
		{212E193D-C24F-4EF9-8A6B-B076A4F3A728} = {4B8064DE-7CBA-42D5-B2B4-5F97625BA4C9}
		{F8DE7C58-94ED-4325-BE22-BE151A15E3C2} = {4B8064DE-7CBA-42D5-B2B4-5F97625BA4C9}
		{D6F85927-8F78-4078-808F-47BC9C28EAC0} = {4B8064DE-7CBA-42D5-B2B4-5F97625BA4C9}
	EndGlobalSection
	GlobalSection(ExtensibilityGlobals) = postSolution
		SolutionGuid = {33FD44A7-4761-4829-868A-51F6D1B0006A}
	EndGlobalSection
EndGlobal
